{
	"name": "@rvx/iconoir",
	"version": "1.0.0",
	"lockfileVersion": 3,
	"requires": true,
	"packages": {
		"": {
			"name": "@rvx/iconoir",
			"version": "1.0.0",
			"license": "MIT",
			"devDependencies": {
				"iconoir": "^7.11.0",
				"typescript": "^6.0.3"
			},
			"peerDependencies": {
				"rvx": "^26.0.1"
			}
		},
		"node_modules/iconoir": {
			"version": "7.11.0",
			"resolved": "https://registry.npmjs.org/iconoir/-/iconoir-7.11.0.tgz",
			"integrity": "sha512-F9T/E08aJBaQ+VOBjn+ChWKn3hFwsaK5VZ024OFMxdDaxKjLGDpU/OsU7MO9wXM+mDs4ZImypdXIn0fFZAXKmA==",
			"dev": true,
			"license": "MIT",
			"funding": {
				"type": "opencollective",
				"url": "https://opencollective.com/iconoir"
			}
		},
		"node_modules/rvx": {
			"version": "26.0.1",
			"resolved": "https://registry.npmjs.org/rvx/-/rvx-26.0.1.tgz",
			"integrity": "sha512-RjFYzHriXAjOwpLud+bMcO5XZIB0cVY0aIbO1FH7SBfqIStJVgwZdSq/bGg3t8oOBSSDmNcdUUA7qYepRGIVVQ==",
			"license": "MIT",
			"peer": true
		},
		"node_modules/typescript": {
			"version": "6.0.3",
			"resolved": "https://registry.npmjs.org/typescript/-/typescript-6.0.3.tgz",
			"integrity": "sha512-y2TvuxSZPDyQakkFRPZHKFm+KKVqIisdg9/CZwm9ftvKXLP8NRWj38/ODjNbr43SsoXqNuAisEf1GdCxqWcdBw==",
			"dev": true,
			"license": "Apache-2.0",
			"bin": {
				"tsc": "bin/tsc",
				"tsserver": "bin/tsserver"
			},
			"engines": {
				"node": ">=14.17"
			}
		}
	}
}
