{
	"name": "@rvx/iconoir",
	"version": "0.1.0",
	"lockfileVersion": 3,
	"requires": true,
	"packages": {
		"": {
			"name": "@rvx/iconoir",
			"version": "0.1.0",
			"license": "MIT",
			"devDependencies": {
				"iconoir": "^7.11.0",
				"typescript": "^6.0.2"
			},
			"peerDependencies": {
				"rvx": "^25.0.0"
			}
		},
		"node_modules/iconoir": {
			"version": "7.11.0",
			"resolved": "https://registry.npmjs.org/iconoir/-/iconoir-7.11.0.tgz",
			"integrity": "sha512-F9T/E08aJBaQ+VOBjn+ChWKn3hFwsaK5VZ024OFMxdDaxKjLGDpU/OsU7MO9wXM+mDs4ZImypdXIn0fFZAXKmA==",
			"dev": true,
			"license": "MIT",
			"funding": {
				"type": "opencollective",
				"url": "https://opencollective.com/iconoir"
			}
		},
		"node_modules/rvx": {
			"version": "25.0.0",
			"resolved": "https://registry.npmjs.org/rvx/-/rvx-25.0.0.tgz",
			"integrity": "sha512-NiqbRCeZM2mHzFzz0hTL2xUfMe4IqnyxI0V8fc7SPKlV6x7jtSw2wshAw/mc9Dx5vmi1S9uJupIJViu4zDawjA==",
			"license": "MIT",
			"peer": true
		},
		"node_modules/typescript": {
			"version": "6.0.2",
			"resolved": "https://registry.npmjs.org/typescript/-/typescript-6.0.2.tgz",
			"integrity": "sha512-bGdAIrZ0wiGDo5l8c++HWtbaNCWTS4UTv7RaTH/ThVIgjkveJt83m74bBHMJkuCbslY8ixgLBVZJIOiQlQTjfQ==",
			"dev": true,
			"license": "Apache-2.0",
			"bin": {
				"tsc": "bin/tsc",
				"tsserver": "bin/tsserver"
			},
			"engines": {
				"node": ">=14.17"
			}
		}
	}
}
